<?xml version="1.0" encoding="utf-8"?>
<Project ToolsVersion="4.0" xmlns="http://schemas.microsoft.com/developer/msbuild/2003">
  <ItemGroup>
    <Filter Include="Source Files">
      <UniqueIdentifier>{4FC737F1-C7A5-4376-A066-2A32D752A2FF}</UniqueIdentifier>
      <Extensions>cpp;c;cc;cxx;def;odl;idl;hpj;bat;asm;asmx</Extensions>
    </Filter>
    <Filter Include="Header Files">
      <UniqueIdentifier>{93995380-89BD-4b04-88EB-625FBE52EBFB}</UniqueIdentifier>
      <Extensions>h;hh;hpp;hxx;hm;inl;inc;xsd</Extensions>
    </Filter>
    <Filter Include="Resource Files">
      <UniqueIdentifier>{67DA6AB6-F800-4c08-8B7A-83BB121AAD01}</UniqueIdentifier>
      <Extensions>rc;ico;cur;bmp;dlg;rc2;rct;bin;rgs;gif;jpg;jpeg;jpe;resx;tiff;tif;png;wav;mfcribbon-ms</Extensions>
    </Filter>
  </ItemGroup>
  <ItemGroup>
    <Text Include="ReadMe.txt" />
    <Text Include="res\map.txt">
      <Filter>Resource Files</Filter>
    </Text>
  </ItemGroup>
  <ItemGroup>
    <ClInclude Include="stdafx.h">
      <Filter>Header Files</Filter>
    </ClInclude>
    <ClInclude Include="targetver.h">
      <Filter>Header Files</Filter>
    </ClInclude>
    <ClInclude Include="MainFrm.h">
      <Filter>Header Files</Filter>
    </ClInclude>
    <ClInclude Include="ChildView.h">
      <Filter>Header Files</Filter>
    </ClInclude>
    <ClInclude Include="Resource.h">
      <Filter>Header Files</Filter>
    </ClInclude>
    <ClInclude Include="GameSys.h">
      <Filter>Header Files</Filter>
    </ClInclude>
    <ClInclude Include="DrawBmp.h">
      <Filter>Header Files</Filter>
    </ClInclude>
    <ClInclude Include="RaccoonRev.h">
      <Filter>Header Files</Filter>
    </ClInclude>
  </ItemGroup>
  <ItemGroup>
    <ClCompile Include="stdafx.cpp">
      <Filter>Source Files</Filter>
    </ClCompile>
    <ClCompile Include="MainFrm.cpp">
      <Filter>Source Files</Filter>
    </ClCompile>
    <ClCompile Include="ChildView.cpp">
      <Filter>Source Files</Filter>
    </ClCompile>
    <ClCompile Include="GameSys.cpp">
      <Filter>Source Files</Filter>
    </ClCompile>
    <ClCompile Include="DrawBmp.cpp">
      <Filter>Source Files</Filter>
    </ClCompile>
    <ClCompile Include="RaccoonRev.cpp">
      <Filter>Source Files</Filter>
    </ClCompile>
  </ItemGroup>
  <ItemGroup>
    <ResourceCompile Include="RaccoonRev.rc">
      <Filter>Resource Files</Filter>
    </ResourceCompile>
  </ItemGroup>
  <ItemGroup>
    <Image Include="res\Toolbar.bmp">
      <Filter>Resource Files</Filter>
    </Image>
    <Image Include="res\baby.bmp">
      <Filter>Resource Files</Filter>
    </Image>
    <Image Include="res\bonus.bmp">
      <Filter>Resource Files</Filter>
    </Image>
    <Image Include="res\die.bmp">
      <Filter>Resource Files</Filter>
    </Image>
    <Image Include="res\digit.bmp">
      <Filter>Resource Files</Filter>
    </Image>
    <Image Include="res\digit_sm.bmp">
      <Filter>Resource Files</Filter>
    </Image>
    <Image Include="res\drop.bmp">
      <Filter>Resource Files</Filter>
    </Image>
    <Image Include="res\ending.bmp">
      <Filter>Resource Files</Filter>
    </Image>
    <Image Include="res\EnemyLeft.bmp">
      <Filter>Resource Files</Filter>
    </Image>
    <Image Include="res\EnemyLeftRed.bmp">
      <Filter>Resource Files</Filter>
    </Image>
    <Image Include="res\EnemyRight.bmp">
      <Filter>Resource Files</Filter>
    </Image>
    <Image Include="res\EnemyRightRed.bmp">
      <Filter>Resource Files</Filter>
    </Image>
    <Image Include="res\GameOver.bmp">
      <Filter>Resource Files</Filter>
    </Image>
    <Image Include="res\Lets.bmp">
      <Filter>Resource Files</Filter>
    </Image>
    <Image Include="res\map_a.bmp">
      <Filter>Resource Files</Filter>
    </Image>
    <Image Include="res\map_b.bmp">
      <Filter>Resource Files</Filter>
    </Image>
    <Image Include="res\map_c.bmp">
      <Filter>Resource Files</Filter>
    </Image>
    <Image Include="res\map_d.bmp">
      <Filter>Resource Files</Filter>
    </Image>
    <Image Include="res\map_e.bmp">
      <Filter>Resource Files</Filter>
    </Image>
    <Image Include="res\map_f.bmp">
      <Filter>Resource Files</Filter>
    </Image>
    <Image Include="res\map_n.bmp">
      <Filter>Resource Files</Filter>
    </Image>
    <Image Include="res\map_q.bmp">
      <Filter>Resource Files</Filter>
    </Image>
    <Image Include="res\map_r.bmp">
      <Filter>Resource Files</Filter>
    </Image>
    <Image Include="res\map_s.bmp">
      <Filter>Resource Files</Filter>
    </Image>
    <Image Include="res\map_t.bmp">
      <Filter>Resource Files</Filter>
    </Image>
    <Image Include="res\next.bmp">
      <Filter>Resource Files</Filter>
    </Image>
    <Image Include="res\Raccoon.ico">
      <Filter>Resource Files</Filter>
    </Image>
    <Image Include="res\score.bmp">
      <Filter>Resource Files</Filter>
    </Image>
    <Image Include="res\SnakeLeft.bmp">
      <Filter>Resource Files</Filter>
    </Image>
    <Image Include="res\SnakeRight.bmp">
      <Filter>Resource Files</Filter>
    </Image>
    <Image Include="res\surprise.bmp">
      <Filter>Resource Files</Filter>
    </Image>
    <Image Include="res\bkg.bmp">
      <Filter>Resource Files</Filter>
    </Image>
    <Image Include="res\AttackLeft.bmp">
      <Filter>Resource Files</Filter>
    </Image>
    <Image Include="res\AttackRight.bmp">
      <Filter>Resource Files</Filter>
    </Image>
    <Image Include="res\JumpLeft.bmp">
      <Filter>Resource Files</Filter>
    </Image>
    <Image Include="res\JumpRight.bmp">
      <Filter>Resource Files</Filter>
    </Image>
    <Image Include="res\MoveLeft.bmp">
      <Filter>Resource Files</Filter>
    </Image>
    <Image Include="res\MoveRight.bmp">
      <Filter>Resource Files</Filter>
    </Image>
    <Image Include="res\StandLeft.bmp">
      <Filter>Resource Files</Filter>
    </Image>
    <Image Include="res\StandRight.bmp">
      <Filter>Resource Files</Filter>
    </Image>
    <Image Include="res\Up.bmp">
      <Filter>Resource Files</Filter>
    </Image>
    <Image Include="res\DropLeft.bmp">
      <Filter>Resource Files</Filter>
    </Image>
    <Image Include="res\DropRight.bmp">
      <Filter>Resource Files</Filter>
    </Image>
    <Image Include="res\JumpLeftL.bmp">
      <Filter>Resource Files</Filter>
    </Image>
    <Image Include="res\JumpRightR.bmp">
      <Filter>Resource Files</Filter>
    </Image>
    <Image Include="res\die2.bmp">
      <Filter>Resource Files</Filter>
    </Image>
    <Image Include="res\back1.bmp">
      <Filter>Resource Files</Filter>
    </Image>
    <Image Include="res\back2.bmp">
      <Filter>Resource Files</Filter>
    </Image>
    <Image Include="res\DJumpLeft.bmp">
      <Filter>Resource Files</Filter>
    </Image>
    <Image Include="res\DJumpRight.bmp">
      <Filter>Resource Files</Filter>
    </Image>
  </ItemGroup>
  <ItemGroup>
    <Media Include="wav\clear.wav">
      <Filter>Resource Files</Filter>
    </Media>
    <Media Include="wav\gameover.wav">
      <Filter>Resource Files</Filter>
    </Media>
    <Media Include="wav\intro.wav">
      <Filter>Resource Files</Filter>
    </Media>
    <Media Include="wav\rac_die.wav">
      <Filter>Resource Files</Filter>
    </Media>
    <Media Include="wav\rac_drop.wav">
      <Filter>Resource Files</Filter>
    </Media>
    <Media Include="wav\rac_eat.wav">
      <Filter>Resource Files</Filter>
    </Media>
    <Media Include="wav\rac_jump.wav">
      <Filter>Resource Files</Filter>
    </Media>
    <Media Include="wav\rac_step.wav">
      <Filter>Resource Files</Filter>
    </Media>
    <Media Include="wav\snake.wav">
      <Filter>Resource Files</Filter>
    </Media>
  </ItemGroup>
</Project>